
Microsoft Visual Studio Solution File, Format Version 12.00
# Visual Studio Version 16
VisualStudioVersion = 16.0.30413.136
MinimumVisualStudioVersion = 10.0.40219.1
Project("{9A19103F-16F7-4668-BE54-9A1E7A4F7556}") = "Chain of Responsibility", "Chain of Responsibility\Chain of Responsibility.csproj", "{5338B929-0973-40BA-BBC2-59275C830A6C}"
EndProject
Project("{FAE04EC0-301F-11D3-BF4B-00C04F79EFBC}") = "Specification", "Specification\Specification.csproj", "{F382C2E0-EF66-47DA-B3FC-81611B0097A2}"
EndProject
Project("{FAE04EC0-301F-11D3-BF4B-00C04F79EFBC}") = "Decorator", "Decorator\Decorator.csproj", "{5F4D2131-D610-4D74-916C-11B928268730}"
EndProject
Project("{FAE04EC0-301F-11D3-BF4B-00C04F79EFBC}") = "Observer", "Observer\Observer.csproj", "{15476863-051D-4EE9-9602-C7737C5E9BEA}"
EndProject
Global
	GlobalSection(SolutionConfigurationPlatforms) = preSolution
		Debug|Any CPU = Debug|Any CPU
		Release|Any CPU = Release|Any CPU
	EndGlobalSection
	GlobalSection(ProjectConfigurationPlatforms) = postSolution
		{5338B929-0973-40BA-BBC2-59275C830A6C}.Debug|Any CPU.ActiveCfg = Debug|Any CPU
		{5338B929-0973-40BA-BBC2-59275C830A6C}.Debug|Any CPU.Build.0 = Debug|Any CPU
		{5338B929-0973-40BA-BBC2-59275C830A6C}.Release|Any CPU.ActiveCfg = Release|Any CPU
		{5338B929-0973-40BA-BBC2-59275C830A6C}.Release|Any CPU.Build.0 = Release|Any CPU
		{F382C2E0-EF66-47DA-B3FC-81611B0097A2}.Debug|Any CPU.ActiveCfg = Debug|Any CPU
		{F382C2E0-EF66-47DA-B3FC-81611B0097A2}.Debug|Any CPU.Build.0 = Debug|Any CPU
		{F382C2E0-EF66-47DA-B3FC-81611B0097A2}.Release|Any CPU.ActiveCfg = Release|Any CPU
		{F382C2E0-EF66-47DA-B3FC-81611B0097A2}.Release|Any CPU.Build.0 = Release|Any CPU
		{5F4D2131-D610-4D74-916C-11B928268730}.Debug|Any CPU.ActiveCfg = Debug|Any CPU
		{5F4D2131-D610-4D74-916C-11B928268730}.Debug|Any CPU.Build.0 = Debug|Any CPU
		{5F4D2131-D610-4D74-916C-11B928268730}.Release|Any CPU.ActiveCfg = Release|Any CPU
		{5F4D2131-D610-4D74-916C-11B928268730}.Release|Any CPU.Build.0 = Release|Any CPU
		{15476863-051D-4EE9-9602-C7737C5E9BEA}.Debug|Any CPU.ActiveCfg = Debug|Any CPU
		{15476863-051D-4EE9-9602-C7737C5E9BEA}.Debug|Any CPU.Build.0 = Debug|Any CPU
		{15476863-051D-4EE9-9602-C7737C5E9BEA}.Release|Any CPU.ActiveCfg = Release|Any CPU
		{15476863-051D-4EE9-9602-C7737C5E9BEA}.Release|Any CPU.Build.0 = Release|Any CPU
	EndGlobalSection
	GlobalSection(SolutionProperties) = preSolution
		HideSolutionNode = FALSE
	EndGlobalSection
	GlobalSection(ExtensibilityGlobals) = postSolution
		SolutionGuid = {63CEC512-D5FC-49E1-8849-8E73A1371CF5}
	EndGlobalSection
EndGlobal
