
Microsoft Visual Studio Solution File, Format Version 12.00
# Visual Studio Version 16
VisualStudioVersion = 16.0.30413.136
MinimumVisualStudioVersion = 10.0.40219.1
Project("{9A19103F-16F7-4668-BE54-9A1E7A4F7556}") = "Chain of Responsibility", "Chain of Responsibility\Chain of Responsibility.csproj", "{5338B929-0973-40BA-BBC2-59275C830A6C}"
EndProject
Project("{9A19103F-16F7-4668-BE54-9A1E7A4F7556}") = "Decorator", "Decorator\Decorator.csproj", "{5F4D2131-D610-4D74-916C-11B928268730}"
EndProject
Project("{9A19103F-16F7-4668-BE54-9A1E7A4F7556}") = "Observer", "Observer\Observer.csproj", "{15476863-051D-4EE9-9602-C7737C5E9BEA}"
EndProject
Project("{9A19103F-16F7-4668-BE54-9A1E7A4F7556}") = "Strategy", "Strategy\Strategy.csproj", "{47D72092-94E9-4F59-92D6-4A4A7383AEC7}"
EndProject
Project("{9A19103F-16F7-4668-BE54-9A1E7A4F7556}") = "Template", "Template\Template.csproj", "{6AD85F19-684B-44ED-A387-692E9DA5503B}"
EndProject
Project("{9A19103F-16F7-4668-BE54-9A1E7A4F7556}") = "Adapter", "Adapter\Adapter.csproj", "{AA7CE0AB-DB75-4E61-9068-311385E50A16}"
EndProject
Project("{9A19103F-16F7-4668-BE54-9A1E7A4F7556}") = "AbstractFactory", "AbstractFactory\AbstractFactory.csproj", "{5CA0081E-ECDB-4829-8E27-8F521EEACF63}"
EndProject
Project("{9A19103F-16F7-4668-BE54-9A1E7A4F7556}") = "Proxy", "Proxy\Proxy.csproj", "{5C4E6AF5-B36A-4584-BE5E-14DE9765B4C1}"
EndProject
Project("{9A19103F-16F7-4668-BE54-9A1E7A4F7556}") = "Specification", "Specification\Specification.csproj", "{FDEF217B-BCCE-4FA1-AA33-BCD314A0964A}"
EndProject
Project("{9A19103F-16F7-4668-BE54-9A1E7A4F7556}") = "Singleton", "Singleton\Singleton.csproj", "{B3F1C59B-9BDC-4F7A-BBFB-24B0ACC58E50}"
EndProject
Project("{9A19103F-16F7-4668-BE54-9A1E7A4F7556}") = "Facade", "Facade\Facade.csproj", "{209040B0-224C-45C6-8D14-39F93EE97B82}"
EndProject
Project("{9A19103F-16F7-4668-BE54-9A1E7A4F7556}") = "Bridge", "Bridge\Bridge.csproj", "{F217DED6-B957-47E8-88F2-DAE4DAFBE127}"
EndProject
Project("{FAE04EC0-301F-11D3-BF4B-00C04F79EFBC}") = "Bridge_1", "Bridge_1\Bridge_1.csproj", "{4B043708-4A30-4167-A243-A59526D7F11A}"
EndProject
Project("{FAE04EC0-301F-11D3-BF4B-00C04F79EFBC}") = "Composite", "Composite\Composite.csproj", "{CBB8E41F-B3A2-4E02-8305-7DEFD3CCD5B0}"
EndProject
Project("{FAE04EC0-301F-11D3-BF4B-00C04F79EFBC}") = "Prototype", "Prototype\Prototype.csproj", "{6C75126F-FF93-41B1-B108-A26C334DE043}"
EndProject
Project("{FAE04EC0-301F-11D3-BF4B-00C04F79EFBC}") = "Repository", "Repository\Repository.csproj", "{7F1A8C73-E563-45FD-8D5A-F690E56A0A91}"
EndProject
Project("{FAE04EC0-301F-11D3-BF4B-00C04F79EFBC}") = "Command", "Command\Command.csproj", "{336D46EC-CA60-45F6-96E1-DD3F5A544F5D}"
EndProject
Project("{FAE04EC0-301F-11D3-BF4B-00C04F79EFBC}") = "State", "State\State.csproj", "{DD377964-A7F8-490A-9922-897473196E45}"
EndProject
Global
	GlobalSection(SolutionConfigurationPlatforms) = preSolution
		Debug|Any CPU = Debug|Any CPU
		Release|Any CPU = Release|Any CPU
	EndGlobalSection
	GlobalSection(ProjectConfigurationPlatforms) = postSolution
		{5338B929-0973-40BA-BBC2-59275C830A6C}.Debug|Any CPU.ActiveCfg = Debug|Any CPU
		{5338B929-0973-40BA-BBC2-59275C830A6C}.Debug|Any CPU.Build.0 = Debug|Any CPU
		{5338B929-0973-40BA-BBC2-59275C830A6C}.Release|Any CPU.ActiveCfg = Release|Any CPU
		{5338B929-0973-40BA-BBC2-59275C830A6C}.Release|Any CPU.Build.0 = Release|Any CPU
		{5F4D2131-D610-4D74-916C-11B928268730}.Debug|Any CPU.ActiveCfg = Debug|Any CPU
		{5F4D2131-D610-4D74-916C-11B928268730}.Debug|Any CPU.Build.0 = Debug|Any CPU
		{5F4D2131-D610-4D74-916C-11B928268730}.Release|Any CPU.ActiveCfg = Release|Any CPU
		{5F4D2131-D610-4D74-916C-11B928268730}.Release|Any CPU.Build.0 = Release|Any CPU
		{15476863-051D-4EE9-9602-C7737C5E9BEA}.Debug|Any CPU.ActiveCfg = Debug|Any CPU
		{15476863-051D-4EE9-9602-C7737C5E9BEA}.Debug|Any CPU.Build.0 = Debug|Any CPU
		{15476863-051D-4EE9-9602-C7737C5E9BEA}.Release|Any CPU.ActiveCfg = Release|Any CPU
		{15476863-051D-4EE9-9602-C7737C5E9BEA}.Release|Any CPU.Build.0 = Release|Any CPU
		{47D72092-94E9-4F59-92D6-4A4A7383AEC7}.Debug|Any CPU.ActiveCfg = Debug|Any CPU
		{47D72092-94E9-4F59-92D6-4A4A7383AEC7}.Debug|Any CPU.Build.0 = Debug|Any CPU
		{47D72092-94E9-4F59-92D6-4A4A7383AEC7}.Release|Any CPU.ActiveCfg = Release|Any CPU
		{47D72092-94E9-4F59-92D6-4A4A7383AEC7}.Release|Any CPU.Build.0 = Release|Any CPU
		{6AD85F19-684B-44ED-A387-692E9DA5503B}.Debug|Any CPU.ActiveCfg = Debug|Any CPU
		{6AD85F19-684B-44ED-A387-692E9DA5503B}.Debug|Any CPU.Build.0 = Debug|Any CPU
		{6AD85F19-684B-44ED-A387-692E9DA5503B}.Release|Any CPU.ActiveCfg = Release|Any CPU
		{6AD85F19-684B-44ED-A387-692E9DA5503B}.Release|Any CPU.Build.0 = Release|Any CPU
		{AA7CE0AB-DB75-4E61-9068-311385E50A16}.Debug|Any CPU.ActiveCfg = Debug|Any CPU
		{AA7CE0AB-DB75-4E61-9068-311385E50A16}.Debug|Any CPU.Build.0 = Debug|Any CPU
		{AA7CE0AB-DB75-4E61-9068-311385E50A16}.Release|Any CPU.ActiveCfg = Release|Any CPU
		{AA7CE0AB-DB75-4E61-9068-311385E50A16}.Release|Any CPU.Build.0 = Release|Any CPU
		{5CA0081E-ECDB-4829-8E27-8F521EEACF63}.Debug|Any CPU.ActiveCfg = Debug|Any CPU
		{5CA0081E-ECDB-4829-8E27-8F521EEACF63}.Debug|Any CPU.Build.0 = Debug|Any CPU
		{5CA0081E-ECDB-4829-8E27-8F521EEACF63}.Release|Any CPU.ActiveCfg = Release|Any CPU
		{5CA0081E-ECDB-4829-8E27-8F521EEACF63}.Release|Any CPU.Build.0 = Release|Any CPU
		{5C4E6AF5-B36A-4584-BE5E-14DE9765B4C1}.Debug|Any CPU.ActiveCfg = Debug|Any CPU
		{5C4E6AF5-B36A-4584-BE5E-14DE9765B4C1}.Debug|Any CPU.Build.0 = Debug|Any CPU
		{5C4E6AF5-B36A-4584-BE5E-14DE9765B4C1}.Release|Any CPU.ActiveCfg = Release|Any CPU
		{5C4E6AF5-B36A-4584-BE5E-14DE9765B4C1}.Release|Any CPU.Build.0 = Release|Any CPU
		{FDEF217B-BCCE-4FA1-AA33-BCD314A0964A}.Debug|Any CPU.ActiveCfg = Debug|Any CPU
		{FDEF217B-BCCE-4FA1-AA33-BCD314A0964A}.Debug|Any CPU.Build.0 = Debug|Any CPU
		{FDEF217B-BCCE-4FA1-AA33-BCD314A0964A}.Release|Any CPU.ActiveCfg = Release|Any CPU
		{FDEF217B-BCCE-4FA1-AA33-BCD314A0964A}.Release|Any CPU.Build.0 = Release|Any CPU
		{B3F1C59B-9BDC-4F7A-BBFB-24B0ACC58E50}.Debug|Any CPU.ActiveCfg = Debug|Any CPU
		{B3F1C59B-9BDC-4F7A-BBFB-24B0ACC58E50}.Debug|Any CPU.Build.0 = Debug|Any CPU
		{B3F1C59B-9BDC-4F7A-BBFB-24B0ACC58E50}.Release|Any CPU.ActiveCfg = Release|Any CPU
		{B3F1C59B-9BDC-4F7A-BBFB-24B0ACC58E50}.Release|Any CPU.Build.0 = Release|Any CPU
		{209040B0-224C-45C6-8D14-39F93EE97B82}.Debug|Any CPU.ActiveCfg = Debug|Any CPU
		{209040B0-224C-45C6-8D14-39F93EE97B82}.Debug|Any CPU.Build.0 = Debug|Any CPU
		{209040B0-224C-45C6-8D14-39F93EE97B82}.Release|Any CPU.ActiveCfg = Release|Any CPU
		{209040B0-224C-45C6-8D14-39F93EE97B82}.Release|Any CPU.Build.0 = Release|Any CPU
		{F217DED6-B957-47E8-88F2-DAE4DAFBE127}.Debug|Any CPU.ActiveCfg = Debug|Any CPU
		{F217DED6-B957-47E8-88F2-DAE4DAFBE127}.Debug|Any CPU.Build.0 = Debug|Any CPU
		{F217DED6-B957-47E8-88F2-DAE4DAFBE127}.Release|Any CPU.ActiveCfg = Release|Any CPU
		{F217DED6-B957-47E8-88F2-DAE4DAFBE127}.Release|Any CPU.Build.0 = Release|Any CPU
		{4B043708-4A30-4167-A243-A59526D7F11A}.Debug|Any CPU.ActiveCfg = Debug|Any CPU
		{4B043708-4A30-4167-A243-A59526D7F11A}.Debug|Any CPU.Build.0 = Debug|Any CPU
		{4B043708-4A30-4167-A243-A59526D7F11A}.Release|Any CPU.ActiveCfg = Release|Any CPU
		{4B043708-4A30-4167-A243-A59526D7F11A}.Release|Any CPU.Build.0 = Release|Any CPU
		{CBB8E41F-B3A2-4E02-8305-7DEFD3CCD5B0}.Debug|Any CPU.ActiveCfg = Debug|Any CPU
		{CBB8E41F-B3A2-4E02-8305-7DEFD3CCD5B0}.Debug|Any CPU.Build.0 = Debug|Any CPU
		{CBB8E41F-B3A2-4E02-8305-7DEFD3CCD5B0}.Release|Any CPU.ActiveCfg = Release|Any CPU
		{CBB8E41F-B3A2-4E02-8305-7DEFD3CCD5B0}.Release|Any CPU.Build.0 = Release|Any CPU
		{6C75126F-FF93-41B1-B108-A26C334DE043}.Debug|Any CPU.ActiveCfg = Debug|Any CPU
		{6C75126F-FF93-41B1-B108-A26C334DE043}.Debug|Any CPU.Build.0 = Debug|Any CPU
		{6C75126F-FF93-41B1-B108-A26C334DE043}.Release|Any CPU.ActiveCfg = Release|Any CPU
		{6C75126F-FF93-41B1-B108-A26C334DE043}.Release|Any CPU.Build.0 = Release|Any CPU
		{7F1A8C73-E563-45FD-8D5A-F690E56A0A91}.Debug|Any CPU.ActiveCfg = Debug|Any CPU
		{7F1A8C73-E563-45FD-8D5A-F690E56A0A91}.Debug|Any CPU.Build.0 = Debug|Any CPU
		{7F1A8C73-E563-45FD-8D5A-F690E56A0A91}.Release|Any CPU.ActiveCfg = Release|Any CPU
		{7F1A8C73-E563-45FD-8D5A-F690E56A0A91}.Release|Any CPU.Build.0 = Release|Any CPU
		{336D46EC-CA60-45F6-96E1-DD3F5A544F5D}.Debug|Any CPU.ActiveCfg = Debug|Any CPU
		{336D46EC-CA60-45F6-96E1-DD3F5A544F5D}.Debug|Any CPU.Build.0 = Debug|Any CPU
		{336D46EC-CA60-45F6-96E1-DD3F5A544F5D}.Release|Any CPU.ActiveCfg = Release|Any CPU
		{336D46EC-CA60-45F6-96E1-DD3F5A544F5D}.Release|Any CPU.Build.0 = Release|Any CPU
		{DD377964-A7F8-490A-9922-897473196E45}.Debug|Any CPU.ActiveCfg = Debug|Any CPU
		{DD377964-A7F8-490A-9922-897473196E45}.Debug|Any CPU.Build.0 = Debug|Any CPU
		{DD377964-A7F8-490A-9922-897473196E45}.Release|Any CPU.ActiveCfg = Release|Any CPU
		{DD377964-A7F8-490A-9922-897473196E45}.Release|Any CPU.Build.0 = Release|Any CPU
	EndGlobalSection
	GlobalSection(SolutionProperties) = preSolution
		HideSolutionNode = FALSE
	EndGlobalSection
	GlobalSection(ExtensibilityGlobals) = postSolution
		SolutionGuid = {63CEC512-D5FC-49E1-8849-8E73A1371CF5}
	EndGlobalSection
EndGlobal
