
Microsoft Visual Studio Solution File, Format Version 12.00
# Visual Studio Version 16
VisualStudioVersion = 16.0.30413.136
MinimumVisualStudioVersion = 10.0.40219.1
Project("{9A19103F-16F7-4668-BE54-9A1E7A4F7556}") = "Chain of Responsibility_1", "Chain of Responsibility\Chain of Responsibility_1.csproj", "{5338B929-0973-40BA-BBC2-59275C830A6C}"
EndProject
Project("{9A19103F-16F7-4668-BE54-9A1E7A4F7556}") = "Decorator_1", "Decorator\Decorator_1.csproj", "{5F4D2131-D610-4D74-916C-11B928268730}"
EndProject
Project("{9A19103F-16F7-4668-BE54-9A1E7A4F7556}") = "Observer_1", "Observer\Observer_1.csproj", "{15476863-051D-4EE9-9602-C7737C5E9BEA}"
EndProject
Project("{9A19103F-16F7-4668-BE54-9A1E7A4F7556}") = "Strategy_2", "Strategy\Strategy\Strategy_2.csproj", "{47D72092-94E9-4F59-92D6-4A4A7383AEC7}"
EndProject
Project("{9A19103F-16F7-4668-BE54-9A1E7A4F7556}") = "Template_1", "Template\Template_1.csproj", "{6AD85F19-684B-44ED-A387-692E9DA5503B}"
EndProject
Project("{9A19103F-16F7-4668-BE54-9A1E7A4F7556}") = "Adapter_1", "Adapter\Adapter_1.csproj", "{AA7CE0AB-DB75-4E61-9068-311385E50A16}"
EndProject
Project("{9A19103F-16F7-4668-BE54-9A1E7A4F7556}") = "AbstractFactory_1", "AbstractFactory\AbstractFactory_1.csproj", "{5CA0081E-ECDB-4829-8E27-8F521EEACF63}"
EndProject
Project("{9A19103F-16F7-4668-BE54-9A1E7A4F7556}") = "Proxy_1", "Proxy\Proxy_1.csproj", "{5C4E6AF5-B36A-4584-BE5E-14DE9765B4C1}"
EndProject
Project("{9A19103F-16F7-4668-BE54-9A1E7A4F7556}") = "Specification_1", "Specification\Specification_1.csproj", "{FDEF217B-BCCE-4FA1-AA33-BCD314A0964A}"
EndProject
Project("{9A19103F-16F7-4668-BE54-9A1E7A4F7556}") = "Singleton_1", "Singleton\Singleton_1.csproj", "{B3F1C59B-9BDC-4F7A-BBFB-24B0ACC58E50}"
EndProject
Project("{9A19103F-16F7-4668-BE54-9A1E7A4F7556}") = "Facade_1", "Facade\Facade_1.csproj", "{209040B0-224C-45C6-8D14-39F93EE97B82}"
EndProject
Project("{9A19103F-16F7-4668-BE54-9A1E7A4F7556}") = "Bridge_2", "Bridge\Bridge\Bridge_2.csproj", "{F217DED6-B957-47E8-88F2-DAE4DAFBE127}"
EndProject
Project("{9A19103F-16F7-4668-BE54-9A1E7A4F7556}") = "Bridge_1", "Bridge\Bridge_1\Bridge_1.csproj", "{4B043708-4A30-4167-A243-A59526D7F11A}"
EndProject
Project("{9A19103F-16F7-4668-BE54-9A1E7A4F7556}") = "Composite_1", "Composite\Composite_1.csproj", "{CBB8E41F-B3A2-4E02-8305-7DEFD3CCD5B0}"
EndProject
Project("{9A19103F-16F7-4668-BE54-9A1E7A4F7556}") = "Prototype_1", "Prototype\Prototype_1.csproj", "{6C75126F-FF93-41B1-B108-A26C334DE043}"
EndProject
Project("{9A19103F-16F7-4668-BE54-9A1E7A4F7556}") = "Repository_1", "Repository\Repository_1.csproj", "{7F1A8C73-E563-45FD-8D5A-F690E56A0A91}"
EndProject
Project("{9A19103F-16F7-4668-BE54-9A1E7A4F7556}") = "Command_1", "Command\Command_1.csproj", "{336D46EC-CA60-45F6-96E1-DD3F5A544F5D}"
EndProject
Project("{9A19103F-16F7-4668-BE54-9A1E7A4F7556}") = "State_1", "State\State_1.csproj", "{DD377964-A7F8-490A-9922-897473196E45}"
EndProject
Project("{9A19103F-16F7-4668-BE54-9A1E7A4F7556}") = "FluentInterface_1", "FluentInterface\FluentInterface_1.csproj", "{0EBA0A64-EB91-4C2A-95EA-F36E05F63C30}"
EndProject
Project("{9A19103F-16F7-4668-BE54-9A1E7A4F7556}") = "Strategy_1", "Strategy\Strategy_1\Strategy_1.csproj", "{673B33AF-C983-41AA-A510-5E57E9646106}"
EndProject
Project("{9A19103F-16F7-4668-BE54-9A1E7A4F7556}") = "Flyweight_1", "Flyweight\Flyweight_1.csproj", "{C8524A61-1B10-49DB-AF29-5EA10E341E21}"
EndProject
Project("{2150E333-8FDC-42A3-9474-1A3956D46DE8}") = "Bridge", "Bridge", "{29AA7EB5-3853-49E1-990D-A4B0FB47A410}"
	ProjectSection(SolutionItems) = preProject
		Bridge\Bridge_UML.gif = Bridge\Bridge_UML.gif
		Bridge\README.md = Bridge\README.md
	EndProjectSection
EndProject
Project("{2150E333-8FDC-42A3-9474-1A3956D46DE8}") = "Strategy", "Strategy", "{40BDFFC3-C4C1-4CA7-889D-CBFB882E824C}"
	ProjectSection(SolutionItems) = preProject
		Strategy\README.md = Strategy\README.md
		Strategy\Strategy_UML.png = Strategy\Strategy_UML.png
	EndProjectSection
EndProject
Project("{2150E333-8FDC-42A3-9474-1A3956D46DE8}") = "AbstractFactory", "AbstractFactory", "{84F2072A-7225-4B8B-857A-566D26FB0FE0}"
EndProject
Project("{2150E333-8FDC-42A3-9474-1A3956D46DE8}") = "Adapter", "Adapter", "{57D68C51-B599-4A39-AE9D-4EDB3762EEC7}"
EndProject
Project("{2150E333-8FDC-42A3-9474-1A3956D46DE8}") = "Decorator", "Decorator", "{2E66BDF9-5B7B-411A-B032-9657A0D99840}"
EndProject
Project("{2150E333-8FDC-42A3-9474-1A3956D46DE8}") = "Composite", "Composite", "{F68FDAB2-463A-4E31-AE45-95F7B36FF895}"
EndProject
Project("{2150E333-8FDC-42A3-9474-1A3956D46DE8}") = "Facade", "Facade", "{76B9C940-10BB-4EC0-B956-AB2BA0A36865}"
EndProject
Project("{2150E333-8FDC-42A3-9474-1A3956D46DE8}") = "FluentInterface", "FluentInterface", "{F0EF75E1-6524-4087-A990-56648A852022}"
EndProject
Project("{2150E333-8FDC-42A3-9474-1A3956D46DE8}") = "Flyweight", "Flyweight", "{012A3965-ED5D-493E-9DA2-D4A8640D5EB3}"
EndProject
Project("{2150E333-8FDC-42A3-9474-1A3956D46DE8}") = "Observer", "Observer", "{FF6CDD73-C5A1-49F8-9357-7C996A5A4BCA}"
EndProject
Project("{2150E333-8FDC-42A3-9474-1A3956D46DE8}") = "Prototype", "Prototype", "{209EC1A4-034F-4031-8074-D899278D34BF}"
EndProject
Project("{2150E333-8FDC-42A3-9474-1A3956D46DE8}") = "Proxy", "Proxy", "{390506E5-756A-4FCC-9AFB-8BCF7F8B55FA}"
EndProject
Project("{2150E333-8FDC-42A3-9474-1A3956D46DE8}") = "Command", "Command", "{792AB11E-EDD0-4F72-B903-B42393946658}"
EndProject
Project("{2150E333-8FDC-42A3-9474-1A3956D46DE8}") = "Chain of Responsibility", "Chain of Responsibility", "{D5A40C6D-C531-460E-9C10-43E78E59473F}"
EndProject
Project("{2150E333-8FDC-42A3-9474-1A3956D46DE8}") = "Repository", "Repository", "{59743405-1628-4423-B126-52844E7699D0}"
EndProject
Project("{2150E333-8FDC-42A3-9474-1A3956D46DE8}") = "Singleton", "Singleton", "{DC36E9E8-2642-40F9-9597-583AE92AC0D5}"
EndProject
Project("{2150E333-8FDC-42A3-9474-1A3956D46DE8}") = "Specification", "Specification", "{156E9D9D-3164-49BE-9150-CDF3FEA854F5}"
EndProject
Project("{2150E333-8FDC-42A3-9474-1A3956D46DE8}") = "State", "State", "{64DB273D-7D8A-484B-90D3-DEBA81223326}"
EndProject
Project("{2150E333-8FDC-42A3-9474-1A3956D46DE8}") = "Template", "Template", "{6C7FE78B-D105-41DC-B6FB-413DA08481BD}"
EndProject
Project("{2150E333-8FDC-42A3-9474-1A3956D46DE8}") = "Mediator", "Mediator", "{8C3B4A08-7971-4128-AE3E-6D993508094A}"
EndProject
Project("{9A19103F-16F7-4668-BE54-9A1E7A4F7556}") = "Mediator_1", "Mediator\Mediator_1.csproj", "{6E185F51-83FA-4835-8C72-567FBC3ADEBC}"
EndProject
Project("{2150E333-8FDC-42A3-9474-1A3956D46DE8}") = "Solution Items", "Solution Items", "{95B088D1-2045-419F-8866-B44BCA3DD6AE}"
	ProjectSection(SolutionItems) = preProject
		README.md = README.md
	EndProjectSection
EndProject
Project("{2150E333-8FDC-42A3-9474-1A3956D46DE8}") = "Rules Engine", "Rules Engine", "{D2E2D64A-B3B0-48E1-A6DF-424361698E6C}"
EndProject
Project("{FAE04EC0-301F-11D3-BF4B-00C04F79EFBC}") = "RulesEngine", "RulesEngine\RulesEngine.csproj", "{4D83A85D-8C28-4297-897E-726E481F72A7}"
EndProject
Project("{FAE04EC0-301F-11D3-BF4B-00C04F79EFBC}") = "RulesEngine_NRules", "RulesEngine_NRules\RulesEngine_NRules.csproj", "{FA2911D0-5911-44A2-98C6-2CBDD1EA7CBB}"
EndProject
Global
	GlobalSection(SolutionConfigurationPlatforms) = preSolution
		Debug|Any CPU = Debug|Any CPU
		Release|Any CPU = Release|Any CPU
	EndGlobalSection
	GlobalSection(ProjectConfigurationPlatforms) = postSolution
		{5338B929-0973-40BA-BBC2-59275C830A6C}.Debug|Any CPU.ActiveCfg = Debug|Any CPU
		{5338B929-0973-40BA-BBC2-59275C830A6C}.Debug|Any CPU.Build.0 = Debug|Any CPU
		{5338B929-0973-40BA-BBC2-59275C830A6C}.Release|Any CPU.ActiveCfg = Release|Any CPU
		{5338B929-0973-40BA-BBC2-59275C830A6C}.Release|Any CPU.Build.0 = Release|Any CPU
		{5F4D2131-D610-4D74-916C-11B928268730}.Debug|Any CPU.ActiveCfg = Debug|Any CPU
		{5F4D2131-D610-4D74-916C-11B928268730}.Debug|Any CPU.Build.0 = Debug|Any CPU
		{5F4D2131-D610-4D74-916C-11B928268730}.Release|Any CPU.ActiveCfg = Release|Any CPU
		{5F4D2131-D610-4D74-916C-11B928268730}.Release|Any CPU.Build.0 = Release|Any CPU
		{15476863-051D-4EE9-9602-C7737C5E9BEA}.Debug|Any CPU.ActiveCfg = Debug|Any CPU
		{15476863-051D-4EE9-9602-C7737C5E9BEA}.Debug|Any CPU.Build.0 = Debug|Any CPU
		{15476863-051D-4EE9-9602-C7737C5E9BEA}.Release|Any CPU.ActiveCfg = Release|Any CPU
		{15476863-051D-4EE9-9602-C7737C5E9BEA}.Release|Any CPU.Build.0 = Release|Any CPU
		{47D72092-94E9-4F59-92D6-4A4A7383AEC7}.Debug|Any CPU.ActiveCfg = Debug|Any CPU
		{47D72092-94E9-4F59-92D6-4A4A7383AEC7}.Debug|Any CPU.Build.0 = Debug|Any CPU
		{47D72092-94E9-4F59-92D6-4A4A7383AEC7}.Release|Any CPU.ActiveCfg = Release|Any CPU
		{47D72092-94E9-4F59-92D6-4A4A7383AEC7}.Release|Any CPU.Build.0 = Release|Any CPU
		{6AD85F19-684B-44ED-A387-692E9DA5503B}.Debug|Any CPU.ActiveCfg = Debug|Any CPU
		{6AD85F19-684B-44ED-A387-692E9DA5503B}.Debug|Any CPU.Build.0 = Debug|Any CPU
		{6AD85F19-684B-44ED-A387-692E9DA5503B}.Release|Any CPU.ActiveCfg = Release|Any CPU
		{6AD85F19-684B-44ED-A387-692E9DA5503B}.Release|Any CPU.Build.0 = Release|Any CPU
		{AA7CE0AB-DB75-4E61-9068-311385E50A16}.Debug|Any CPU.ActiveCfg = Debug|Any CPU
		{AA7CE0AB-DB75-4E61-9068-311385E50A16}.Debug|Any CPU.Build.0 = Debug|Any CPU
		{AA7CE0AB-DB75-4E61-9068-311385E50A16}.Release|Any CPU.ActiveCfg = Release|Any CPU
		{AA7CE0AB-DB75-4E61-9068-311385E50A16}.Release|Any CPU.Build.0 = Release|Any CPU
		{5CA0081E-ECDB-4829-8E27-8F521EEACF63}.Debug|Any CPU.ActiveCfg = Debug|Any CPU
		{5CA0081E-ECDB-4829-8E27-8F521EEACF63}.Debug|Any CPU.Build.0 = Debug|Any CPU
		{5CA0081E-ECDB-4829-8E27-8F521EEACF63}.Release|Any CPU.ActiveCfg = Release|Any CPU
		{5CA0081E-ECDB-4829-8E27-8F521EEACF63}.Release|Any CPU.Build.0 = Release|Any CPU
		{5C4E6AF5-B36A-4584-BE5E-14DE9765B4C1}.Debug|Any CPU.ActiveCfg = Debug|Any CPU
		{5C4E6AF5-B36A-4584-BE5E-14DE9765B4C1}.Debug|Any CPU.Build.0 = Debug|Any CPU
		{5C4E6AF5-B36A-4584-BE5E-14DE9765B4C1}.Release|Any CPU.ActiveCfg = Release|Any CPU
		{5C4E6AF5-B36A-4584-BE5E-14DE9765B4C1}.Release|Any CPU.Build.0 = Release|Any CPU
		{FDEF217B-BCCE-4FA1-AA33-BCD314A0964A}.Debug|Any CPU.ActiveCfg = Debug|Any CPU
		{FDEF217B-BCCE-4FA1-AA33-BCD314A0964A}.Debug|Any CPU.Build.0 = Debug|Any CPU
		{FDEF217B-BCCE-4FA1-AA33-BCD314A0964A}.Release|Any CPU.ActiveCfg = Release|Any CPU
		{FDEF217B-BCCE-4FA1-AA33-BCD314A0964A}.Release|Any CPU.Build.0 = Release|Any CPU
		{B3F1C59B-9BDC-4F7A-BBFB-24B0ACC58E50}.Debug|Any CPU.ActiveCfg = Debug|Any CPU
		{B3F1C59B-9BDC-4F7A-BBFB-24B0ACC58E50}.Debug|Any CPU.Build.0 = Debug|Any CPU
		{B3F1C59B-9BDC-4F7A-BBFB-24B0ACC58E50}.Release|Any CPU.ActiveCfg = Release|Any CPU
		{B3F1C59B-9BDC-4F7A-BBFB-24B0ACC58E50}.Release|Any CPU.Build.0 = Release|Any CPU
		{209040B0-224C-45C6-8D14-39F93EE97B82}.Debug|Any CPU.ActiveCfg = Debug|Any CPU
		{209040B0-224C-45C6-8D14-39F93EE97B82}.Debug|Any CPU.Build.0 = Debug|Any CPU
		{209040B0-224C-45C6-8D14-39F93EE97B82}.Release|Any CPU.ActiveCfg = Release|Any CPU
		{209040B0-224C-45C6-8D14-39F93EE97B82}.Release|Any CPU.Build.0 = Release|Any CPU
		{F217DED6-B957-47E8-88F2-DAE4DAFBE127}.Debug|Any CPU.ActiveCfg = Debug|Any CPU
		{F217DED6-B957-47E8-88F2-DAE4DAFBE127}.Debug|Any CPU.Build.0 = Debug|Any CPU
		{F217DED6-B957-47E8-88F2-DAE4DAFBE127}.Release|Any CPU.ActiveCfg = Release|Any CPU
		{F217DED6-B957-47E8-88F2-DAE4DAFBE127}.Release|Any CPU.Build.0 = Release|Any CPU
		{4B043708-4A30-4167-A243-A59526D7F11A}.Debug|Any CPU.ActiveCfg = Debug|Any CPU
		{4B043708-4A30-4167-A243-A59526D7F11A}.Debug|Any CPU.Build.0 = Debug|Any CPU
		{4B043708-4A30-4167-A243-A59526D7F11A}.Release|Any CPU.ActiveCfg = Release|Any CPU
		{4B043708-4A30-4167-A243-A59526D7F11A}.Release|Any CPU.Build.0 = Release|Any CPU
		{CBB8E41F-B3A2-4E02-8305-7DEFD3CCD5B0}.Debug|Any CPU.ActiveCfg = Debug|Any CPU
		{CBB8E41F-B3A2-4E02-8305-7DEFD3CCD5B0}.Debug|Any CPU.Build.0 = Debug|Any CPU
		{CBB8E41F-B3A2-4E02-8305-7DEFD3CCD5B0}.Release|Any CPU.ActiveCfg = Release|Any CPU
		{CBB8E41F-B3A2-4E02-8305-7DEFD3CCD5B0}.Release|Any CPU.Build.0 = Release|Any CPU
		{6C75126F-FF93-41B1-B108-A26C334DE043}.Debug|Any CPU.ActiveCfg = Debug|Any CPU
		{6C75126F-FF93-41B1-B108-A26C334DE043}.Debug|Any CPU.Build.0 = Debug|Any CPU
		{6C75126F-FF93-41B1-B108-A26C334DE043}.Release|Any CPU.ActiveCfg = Release|Any CPU
		{6C75126F-FF93-41B1-B108-A26C334DE043}.Release|Any CPU.Build.0 = Release|Any CPU
		{7F1A8C73-E563-45FD-8D5A-F690E56A0A91}.Debug|Any CPU.ActiveCfg = Debug|Any CPU
		{7F1A8C73-E563-45FD-8D5A-F690E56A0A91}.Debug|Any CPU.Build.0 = Debug|Any CPU
		{7F1A8C73-E563-45FD-8D5A-F690E56A0A91}.Release|Any CPU.ActiveCfg = Release|Any CPU
		{7F1A8C73-E563-45FD-8D5A-F690E56A0A91}.Release|Any CPU.Build.0 = Release|Any CPU
		{336D46EC-CA60-45F6-96E1-DD3F5A544F5D}.Debug|Any CPU.ActiveCfg = Debug|Any CPU
		{336D46EC-CA60-45F6-96E1-DD3F5A544F5D}.Debug|Any CPU.Build.0 = Debug|Any CPU
		{336D46EC-CA60-45F6-96E1-DD3F5A544F5D}.Release|Any CPU.ActiveCfg = Release|Any CPU
		{336D46EC-CA60-45F6-96E1-DD3F5A544F5D}.Release|Any CPU.Build.0 = Release|Any CPU
		{DD377964-A7F8-490A-9922-897473196E45}.Debug|Any CPU.ActiveCfg = Debug|Any CPU
		{DD377964-A7F8-490A-9922-897473196E45}.Debug|Any CPU.Build.0 = Debug|Any CPU
		{DD377964-A7F8-490A-9922-897473196E45}.Release|Any CPU.ActiveCfg = Release|Any CPU
		{DD377964-A7F8-490A-9922-897473196E45}.Release|Any CPU.Build.0 = Release|Any CPU
		{0EBA0A64-EB91-4C2A-95EA-F36E05F63C30}.Debug|Any CPU.ActiveCfg = Debug|Any CPU
		{0EBA0A64-EB91-4C2A-95EA-F36E05F63C30}.Debug|Any CPU.Build.0 = Debug|Any CPU
		{0EBA0A64-EB91-4C2A-95EA-F36E05F63C30}.Release|Any CPU.ActiveCfg = Release|Any CPU
		{0EBA0A64-EB91-4C2A-95EA-F36E05F63C30}.Release|Any CPU.Build.0 = Release|Any CPU
		{673B33AF-C983-41AA-A510-5E57E9646106}.Debug|Any CPU.ActiveCfg = Debug|Any CPU
		{673B33AF-C983-41AA-A510-5E57E9646106}.Debug|Any CPU.Build.0 = Debug|Any CPU
		{673B33AF-C983-41AA-A510-5E57E9646106}.Release|Any CPU.ActiveCfg = Release|Any CPU
		{673B33AF-C983-41AA-A510-5E57E9646106}.Release|Any CPU.Build.0 = Release|Any CPU
		{C8524A61-1B10-49DB-AF29-5EA10E341E21}.Debug|Any CPU.ActiveCfg = Debug|Any CPU
		{C8524A61-1B10-49DB-AF29-5EA10E341E21}.Debug|Any CPU.Build.0 = Debug|Any CPU
		{C8524A61-1B10-49DB-AF29-5EA10E341E21}.Release|Any CPU.ActiveCfg = Release|Any CPU
		{C8524A61-1B10-49DB-AF29-5EA10E341E21}.Release|Any CPU.Build.0 = Release|Any CPU
		{6E185F51-83FA-4835-8C72-567FBC3ADEBC}.Debug|Any CPU.ActiveCfg = Debug|Any CPU
		{6E185F51-83FA-4835-8C72-567FBC3ADEBC}.Debug|Any CPU.Build.0 = Debug|Any CPU
		{6E185F51-83FA-4835-8C72-567FBC3ADEBC}.Release|Any CPU.ActiveCfg = Release|Any CPU
		{6E185F51-83FA-4835-8C72-567FBC3ADEBC}.Release|Any CPU.Build.0 = Release|Any CPU
		{4D83A85D-8C28-4297-897E-726E481F72A7}.Debug|Any CPU.ActiveCfg = Debug|Any CPU
		{4D83A85D-8C28-4297-897E-726E481F72A7}.Debug|Any CPU.Build.0 = Debug|Any CPU
		{4D83A85D-8C28-4297-897E-726E481F72A7}.Release|Any CPU.ActiveCfg = Release|Any CPU
		{4D83A85D-8C28-4297-897E-726E481F72A7}.Release|Any CPU.Build.0 = Release|Any CPU
		{FA2911D0-5911-44A2-98C6-2CBDD1EA7CBB}.Debug|Any CPU.ActiveCfg = Debug|Any CPU
		{FA2911D0-5911-44A2-98C6-2CBDD1EA7CBB}.Debug|Any CPU.Build.0 = Debug|Any CPU
		{FA2911D0-5911-44A2-98C6-2CBDD1EA7CBB}.Release|Any CPU.ActiveCfg = Release|Any CPU
		{FA2911D0-5911-44A2-98C6-2CBDD1EA7CBB}.Release|Any CPU.Build.0 = Release|Any CPU
	EndGlobalSection
	GlobalSection(SolutionProperties) = preSolution
		HideSolutionNode = FALSE
	EndGlobalSection
	GlobalSection(NestedProjects) = preSolution
		{5338B929-0973-40BA-BBC2-59275C830A6C} = {D5A40C6D-C531-460E-9C10-43E78E59473F}
		{5F4D2131-D610-4D74-916C-11B928268730} = {2E66BDF9-5B7B-411A-B032-9657A0D99840}
		{15476863-051D-4EE9-9602-C7737C5E9BEA} = {FF6CDD73-C5A1-49F8-9357-7C996A5A4BCA}
		{47D72092-94E9-4F59-92D6-4A4A7383AEC7} = {40BDFFC3-C4C1-4CA7-889D-CBFB882E824C}
		{6AD85F19-684B-44ED-A387-692E9DA5503B} = {6C7FE78B-D105-41DC-B6FB-413DA08481BD}
		{AA7CE0AB-DB75-4E61-9068-311385E50A16} = {57D68C51-B599-4A39-AE9D-4EDB3762EEC7}
		{5CA0081E-ECDB-4829-8E27-8F521EEACF63} = {84F2072A-7225-4B8B-857A-566D26FB0FE0}
		{5C4E6AF5-B36A-4584-BE5E-14DE9765B4C1} = {390506E5-756A-4FCC-9AFB-8BCF7F8B55FA}
		{FDEF217B-BCCE-4FA1-AA33-BCD314A0964A} = {156E9D9D-3164-49BE-9150-CDF3FEA854F5}
		{B3F1C59B-9BDC-4F7A-BBFB-24B0ACC58E50} = {DC36E9E8-2642-40F9-9597-583AE92AC0D5}
		{209040B0-224C-45C6-8D14-39F93EE97B82} = {76B9C940-10BB-4EC0-B956-AB2BA0A36865}
		{F217DED6-B957-47E8-88F2-DAE4DAFBE127} = {29AA7EB5-3853-49E1-990D-A4B0FB47A410}
		{4B043708-4A30-4167-A243-A59526D7F11A} = {29AA7EB5-3853-49E1-990D-A4B0FB47A410}
		{CBB8E41F-B3A2-4E02-8305-7DEFD3CCD5B0} = {F68FDAB2-463A-4E31-AE45-95F7B36FF895}
		{6C75126F-FF93-41B1-B108-A26C334DE043} = {209EC1A4-034F-4031-8074-D899278D34BF}
		{7F1A8C73-E563-45FD-8D5A-F690E56A0A91} = {59743405-1628-4423-B126-52844E7699D0}
		{336D46EC-CA60-45F6-96E1-DD3F5A544F5D} = {792AB11E-EDD0-4F72-B903-B42393946658}
		{DD377964-A7F8-490A-9922-897473196E45} = {64DB273D-7D8A-484B-90D3-DEBA81223326}
		{0EBA0A64-EB91-4C2A-95EA-F36E05F63C30} = {F0EF75E1-6524-4087-A990-56648A852022}
		{673B33AF-C983-41AA-A510-5E57E9646106} = {40BDFFC3-C4C1-4CA7-889D-CBFB882E824C}
		{C8524A61-1B10-49DB-AF29-5EA10E341E21} = {012A3965-ED5D-493E-9DA2-D4A8640D5EB3}
		{6E185F51-83FA-4835-8C72-567FBC3ADEBC} = {8C3B4A08-7971-4128-AE3E-6D993508094A}
		{4D83A85D-8C28-4297-897E-726E481F72A7} = {D2E2D64A-B3B0-48E1-A6DF-424361698E6C}
		{FA2911D0-5911-44A2-98C6-2CBDD1EA7CBB} = {D2E2D64A-B3B0-48E1-A6DF-424361698E6C}
	EndGlobalSection
	GlobalSection(ExtensibilityGlobals) = postSolution
		SolutionGuid = {63CEC512-D5FC-49E1-8849-8E73A1371CF5}
	EndGlobalSection
EndGlobal
